
Microsoft Visual Studio Solution File, Format Version 12.00
# Visual Studio 15
VisualStudioVersion = 15.0.26730.16
MinimumVisualStudioVersion = 10.0.40219.1
Project("{2150E333-8FDC-42A3-9474-1A3956D46DE8}") = "Week08", "Week08", "{EE002384-C5C2-46DB-99F5-05FFC1177698}"
EndProject
Project("{2150E333-8FDC-42A3-9474-1A3956D46DE8}") = "Week09", "Week09", "{337714A2-D4B4-4848-BF7A-2AB3287E7847}"
EndProject
Project("{9A19103F-16F7-4668-BE54-9A1E7A4F7556}") = "DataStructures", "DataStructures\DataStructures.csproj", "{A83EB0C3-7254-49E8-A029-BA784242E9D6}"
EndProject
Project("{FAE04EC0-301F-11D3-BF4B-00C04F79EFBC}") = "ArraylistConsoleApp", "ArraylistConsoleApp\ArraylistConsoleApp.csproj", "{1D04BE18-4A98-461D-9EF6-18E4AE26E979}"
EndProject
Project("{FAE04EC0-301F-11D3-BF4B-00C04F79EFBC}") = "HashTableConsoleApp1", "HashTableConsoleApp1\HashTableConsoleApp1.csproj", "{7AD49DB7-8861-4F78-97E5-6809E155F40C}"
EndProject
Project("{FAE04EC0-301F-11D3-BF4B-00C04F79EFBC}") = "LinkedListConsoleApp", "LinkedListConsoleApp\LinkedListConsoleApp.csproj", "{2CD68256-D664-424D-8216-CE5DAA8D40F6}"
EndProject
Project("{FAE04EC0-301F-11D3-BF4B-00C04F79EFBC}") = "MyClassLibrary", "MyClassLibrary\MyClassLibrary.csproj", "{85785F06-62EB-48AC-B8FD-1DEA4BA163E7}"
EndProject
Project("{2150E333-8FDC-42A3-9474-1A3956D46DE8}") = "Week10", "Week10", "{3FBC8D20-5DF0-43F7-8A64-2D408088EC31}"
EndProject
Project("{FAE04EC0-301F-11D3-BF4B-00C04F79EFBC}") = "Stack", "..\Part 2\Week10\Code-Examples_Ch20\Stack\Stack\Stack.csproj", "{E748C30C-C6A4-4411-BB22-C11C2424D70F}"
EndProject
Project("{FAE04EC0-301F-11D3-BF4B-00C04F79EFBC}") = "LinkedListTest", "..\Part 2\Week10\Code-Examples_Ch21_001\LinkedListTest\LinkedListTest\LinkedListTest.csproj", "{6082B747-4402-4083-815F-FAE4B412AA6F}"
EndProject
Project("{FAE04EC0-301F-11D3-BF4B-00C04F79EFBC}") = "MaximumTest", "..\Part 2\Week10\Code-Examples_Ch20\MaximumTest\MaximumTest\MaximumTest.csproj", "{94951273-D388-403B-ADBF-2375B1674E0C}"
EndProject
Project("{2150E333-8FDC-42A3-9474-1A3956D46DE8}") = "Week11", "Week11", "{5CC24A66-3295-414D-948B-7A1C60478970}"
EndProject
Project("{FAE04EC0-301F-11D3-BF4B-00C04F79EFBC}") = "SortedDictionaryExample", "..\Part 2\Week10\Code-Examples_Ch21_001\SortedDictionaryTest\SortedDictionaryExample\SortedDictionaryExample.csproj", "{4912E72E-4278-47BB-88BE-13D55C15B77C}"
EndProject
Project("{FAE04EC0-301F-11D3-BF4B-00C04F79EFBC}") = "SortedDictionaryExample02", "..\Part 2\Week10\Code-Examples_Ch21_001\SortedDictionaryTest\SortedDictionaryExample02\SortedDictionaryExample02.csproj", "{E481D37C-4B9E-484A-BE80-6A3CC9C8846C}"
EndProject
Project("{FAE04EC0-301F-11D3-BF4B-00C04F79EFBC}") = "SortedDictionaryTest", "..\Part 2\Week10\Code-Examples_Ch21_001\SortedDictionaryTest\SortedDictionaryTest\SortedDictionaryTest.csproj", "{806E493D-9BFB-4FEF-BE0F-FD79F7BC8189}"
EndProject
Project("{FAE04EC0-301F-11D3-BF4B-00C04F79EFBC}") = "AnuDictionaryDemo", "AnuDictionaryDemo\AnuDictionaryDemo.csproj", "{FB567D74-C24B-4359-9F0B-B5B797863351}"
EndProject
Project("{FAE04EC0-301F-11D3-BF4B-00C04F79EFBC}") = "Example01HT", "..\Part 2\Week10\Code-Examples_Ch21_001\Hashtables\Example01\Example01HT.csproj", "{AE2AC091-76D8-43A5-A751-F2EEE51FC66A}"
EndProject
Project("{FAE04EC0-301F-11D3-BF4B-00C04F79EFBC}") = "Example01", "..\Part 2\Week10\Code-Examples_Ch21_001\AnonymousMethodsExamples\Example01\Example01.csproj", "{73FCA434-1709-478D-965D-4C4F667EF71C}"
EndProject
Project("{2150E333-8FDC-42A3-9474-1A3956D46DE8}") = "Week12", "Week12", "{BEA172FC-2EF0-4CF6-81A4-4B604925B443}"
EndProject
Project("{FAE04EC0-301F-11D3-BF4B-00C04F79EFBC}") = "FilterMapReduce", "..\Part 2\Week10\Code-Examples_Ch21_002\FilterMapReduce\FilterMapReduce\FilterMapReduce.csproj", "{123E317E-0B90-47E7-85B8-33E4D2B35434}"
EndProject
Project("{FAE04EC0-301F-11D3-BF4B-00C04F79EFBC}") = "Func_Prog_Ex-02", "..\Part 2\Week10\Code-Examples_Ch21_002\FilterMapReduce\Func_Prog_Ex-01\Func_Prog_Ex-02.csproj", "{F07BAADA-EA6A-4358-8C88-DE36F96F677C}"
EndProject
Project("{FAE04EC0-301F-11D3-BF4B-00C04F79EFBC}") = "Delegates", "..\Part 2\Week10\Code-Examples_Ch21_001\Delegates\Delegates\Delegates.csproj", "{78C69283-E30F-4109-BCF9-200E9EBC5336}"
EndProject
Project("{FAE04EC0-301F-11D3-BF4B-00C04F79EFBC}") = "Lambdas", "..\Part 2\Week10\Code-Examples_Ch21_001\Lambdas\Lambdas\Lambdas.csproj", "{7ED63D42-776D-431B-B4D6-FE085650E527}"
EndProject
Project("{FAE04EC0-301F-11D3-BF4B-00C04F79EFBC}") = "FibonacciAsynchronous", "..\Part 2\FibonacciAsynchronous\FibonacciAsynchronous\FibonacciAsynchronous.csproj", "{A8633007-BD7F-4574-86FD-41FA08EA6E72}"
EndProject
Project("{FAE04EC0-301F-11D3-BF4B-00C04F79EFBC}") = "FibonacciTest", "..\Part 2\FibonacciTest\FibonacciTest\FibonacciTest.csproj", "{6EA9E0AF-A0AB-4471-AB91-0A67ADCFE166}"
EndProject
Project("{2150E333-8FDC-42A3-9474-1A3956D46DE8}") = "Week13", "Week13", "{9478A790-0D76-40FD-87F0-D5DE9C5DDEEC}"
EndProject
Project("{FAE04EC0-301F-11D3-BF4B-00C04F79EFBC}") = "COMP-212_Assignment_7", "..\300916314_Bal Dhakal_Assignment#7\COMP-212_Assignment_7\COMP-212_Assignment_7.csproj", "{075848FC-AF36-4F3A-93FB-D63ADBDF8339}"
EndProject
Project("{FAE04EC0-301F-11D3-BF4B-00C04F79EFBC}") = "FindPrimes", "..\Part 2\FindPrimes\FindPrimes\FindPrimes.csproj", "{1AA5F1B6-95E7-4745-8AAC-1D9450ADBEB9}"
EndProject
Project("{2150E333-8FDC-42A3-9474-1A3956D46DE8}") = "ProjectOne", "ProjectOne", "{F6766AFD-0D3E-48F0-BCF8-DE29CB1CFD76}"
EndProject
Project("{2150E333-8FDC-42A3-9474-1A3956D46DE8}") = "ProjectTwo", "ProjectTwo", "{22E0E236-9FD9-44F8-A445-56814C267D9A}"
EndProject
Project("{FAE04EC0-301F-11D3-BF4B-00C04F79EFBC}") = "Anupom-Roy_Lab05_Ex01", "..\Part 2\Anupom-Roy_Lab05_Sec003\Anupom-Roy_Lab05_Ex01\Anupom-Roy_Lab05_Ex01.csproj", "{506E75FB-0975-47AA-86B3-4EBD739FDCF7}"
EndProject
Project("{FAE04EC0-301F-11D3-BF4B-00C04F79EFBC}") = "Anupom-Roy_Lab05_Ex02.1", "..\Part 2\Anupom-Roy_Lab05_Sec003\Anupom-Roy_Lab05_Ex02.1\Anupom-Roy_Lab05_Ex02.1.csproj", "{523F63A8-A84C-43C8-B27F-E7C262766668}"
EndProject
Project("{FAE04EC0-301F-11D3-BF4B-00C04F79EFBC}") = "Anupom-Roy_Lab05_Ex03", "..\Part 2\Anupom-Roy_Lab05_Sec003\Anupom-Roy_Lab05_Ex03\Anupom-Roy_Lab05_Ex03.csproj", "{21C0BB5A-EF06-4CE8-B6C5-4EC2CCEDB667}"
EndProject
Project("{FAE04EC0-301F-11D3-BF4B-00C04F79EFBC}") = "Anupom-Roy_Lab05_Ex04", "..\Part 2\Anupom-Roy_Lab05_Sec003\Anupom-Roy_Lab05_Ex04\Anupom-Roy_Lab05_Ex04.csproj", "{84DF879E-2808-4D92-B106-51DBA1CED2CF}"
EndProject
Project("{FAE04EC0-301F-11D3-BF4B-00C04F79EFBC}") = "Anupom-Roy_Lab04_Ex1", "..\Part 2\Anupom-Roy_Lab04Sec003\LinkedListLibrary\Anupom-Roy_Lab04_Ex1.csproj", "{5B126F88-5EA3-4D46-8084-A1152E1DB178}"
EndProject
Project("{FAE04EC0-301F-11D3-BF4B-00C04F79EFBC}") = "Anupom-Roy_Lab04_Ex2", "..\Part 2\Anupom-Roy_Lab04Sec003\Anupom-Roy_Lab05_Ex2\Anupom-Roy_Lab04_Ex2.csproj", "{B3EF6D58-D7D9-4B92-A55B-0C6738A0FACA}"
EndProject
Project("{FAE04EC0-301F-11D3-BF4B-00C04F79EFBC}") = "Anupom-Roy_Lab05_Ex31", "..\Part 2\Anupom-Roy_Lab04Sec003\Anupom-Roy_Lab05_Ex31\Anupom-Roy_Lab05_Ex31.csproj", "{09429E86-D02B-4EC8-B611-4EDB7566F3C5}"
EndProject
Project("{FAE04EC0-301F-11D3-BF4B-00C04F79EFBC}") = "ListTest", "..\Part 2\Anupom-Roy_Lab04Sec003\ListTest\ListTest.csproj", "{FB4C0612-65DD-4B2A-A4FE-0A1B56A86A8C}"
EndProject
Project("{FAE04EC0-301F-11D3-BF4B-00C04F79EFBC}") = "QueueTest", "..\Part 2\Anupom-Roy_Lab04Sec003\QueueTest\QueueTest.csproj", "{FCD87947-5878-4A29-B7DD-8757FFEA5F95}"
EndProject
Project("{FAE04EC0-301F-11D3-BF4B-00C04F79EFBC}") = "StackInheritanceTest", "..\Part 2\Anupom-Roy_Lab04Sec003\StackInheritanceTest\StackInheritanceTest.csproj", "{21DA5A39-963D-47F2-A852-B8FC461A8830}"
EndProject
Project("{FAE04EC0-301F-11D3-BF4B-00C04F79EFBC}") = "Anupom-Roy_Lab05_Ex3", "..\Part 2\Anupom-Roy_Lab04Sec003\Anupom-Roy_Lab05_Ex3\Anupom-Roy_Lab05_Ex3.csproj", "{85ADA0B3-499F-45AB-81FD-2DC77A99BCBD}"
EndProject
Project("{2150E333-8FDC-42A3-9474-1A3956D46DE8}") = "ProjectThree", "ProjectThree", "{433CC984-CDAC-45B5-8707-77B5F778BCA0}"
EndProject
Project("{FAE04EC0-301F-11D3-BF4B-00C04F79EFBC}") = "Anupom-Roy_Lab06_Ex01", "..\Part 2\Anupom-Roy_Lab06_Sec003\Anupom-Roy_Lab06_Ex01\Anupom-Roy_Lab06_Ex01.csproj", "{3C745709-52B2-4C1A-B61B-E583DDEB136A}"
EndProject
Project("{2150E333-8FDC-42A3-9474-1A3956D46DE8}") = "Week14", "Week14", "{AD9FF420-6348-434C-804B-C5EA45BD7CAE}"
EndProject
Project("{FAE04EC0-301F-11D3-BF4B-00C04F79EFBC}") = "GenericMethod", "..\Part 2\Week10\Code-Examples_Ch20\GenericMethod\GenericMethod\GenericMethod.csproj", "{929B6BB3-82CE-44EB-95C7-025EED315348}"
EndProject
Project("{FAE04EC0-301F-11D3-BF4B-00C04F79EFBC}") = "OverloadedMethods", "..\Part 2\Week10\Code-Examples_Ch20\OverloadedMethods\OverloadedMethods\OverloadedMethods.csproj", "{18DCE838-6D8B-4AFD-A71D-1585BC5CED90}"
EndProject
Project("{FAE04EC0-301F-11D3-BF4B-00C04F79EFBC}") = "UsingArray", "..\Part 2\Week10\Code-Examples_Ch21_001\UsingArray\UsingArray\UsingArray.csproj", "{E6A68C15-FA66-4874-9BC2-9F9730192953}"
EndProject
Project("{FAE04EC0-301F-11D3-BF4B-00C04F79EFBC}") = "AnonymousWithoutArgs", "..\Part 2\Week10\Code-Examples_Ch21_001\AnonymousMethodsExamples\Examples02\AnonymousWithoutArgs.csproj", "{572177AA-3DB3-4F69-B316-2B99378E33DD}"
EndProject
Project("{FAE04EC0-301F-11D3-BF4B-00C04F79EFBC}") = "AnonymousWithArgs", "..\Part 2\Week10\Code-Examples_Ch21_001\AnonymousMethodsExamples\Example03\AnonymousWithArgs.csproj", "{BB1D0B70-74C6-4CA0-A600-B69BBBB0E8E2}"
EndProject
Global
	GlobalSection(SolutionConfigurationPlatforms) = preSolution
		Debug|Any CPU = Debug|Any CPU
		Release|Any CPU = Release|Any CPU
	EndGlobalSection
	GlobalSection(ProjectConfigurationPlatforms) = postSolution
		{A83EB0C3-7254-49E8-A029-BA784242E9D6}.Debug|Any CPU.ActiveCfg = Debug|Any CPU
		{A83EB0C3-7254-49E8-A029-BA784242E9D6}.Debug|Any CPU.Build.0 = Debug|Any CPU
		{A83EB0C3-7254-49E8-A029-BA784242E9D6}.Release|Any CPU.ActiveCfg = Release|Any CPU
		{A83EB0C3-7254-49E8-A029-BA784242E9D6}.Release|Any CPU.Build.0 = Release|Any CPU
		{1D04BE18-4A98-461D-9EF6-18E4AE26E979}.Debug|Any CPU.ActiveCfg = Debug|Any CPU
		{1D04BE18-4A98-461D-9EF6-18E4AE26E979}.Debug|Any CPU.Build.0 = Debug|Any CPU
		{1D04BE18-4A98-461D-9EF6-18E4AE26E979}.Release|Any CPU.ActiveCfg = Release|Any CPU
		{1D04BE18-4A98-461D-9EF6-18E4AE26E979}.Release|Any CPU.Build.0 = Release|Any CPU
		{7AD49DB7-8861-4F78-97E5-6809E155F40C}.Debug|Any CPU.ActiveCfg = Debug|Any CPU
		{7AD49DB7-8861-4F78-97E5-6809E155F40C}.Debug|Any CPU.Build.0 = Debug|Any CPU
		{7AD49DB7-8861-4F78-97E5-6809E155F40C}.Release|Any CPU.ActiveCfg = Release|Any CPU
		{7AD49DB7-8861-4F78-97E5-6809E155F40C}.Release|Any CPU.Build.0 = Release|Any CPU
		{2CD68256-D664-424D-8216-CE5DAA8D40F6}.Debug|Any CPU.ActiveCfg = Debug|Any CPU
		{2CD68256-D664-424D-8216-CE5DAA8D40F6}.Debug|Any CPU.Build.0 = Debug|Any CPU
		{2CD68256-D664-424D-8216-CE5DAA8D40F6}.Release|Any CPU.ActiveCfg = Release|Any CPU
		{2CD68256-D664-424D-8216-CE5DAA8D40F6}.Release|Any CPU.Build.0 = Release|Any CPU
		{85785F06-62EB-48AC-B8FD-1DEA4BA163E7}.Debug|Any CPU.ActiveCfg = Debug|Any CPU
		{85785F06-62EB-48AC-B8FD-1DEA4BA163E7}.Debug|Any CPU.Build.0 = Debug|Any CPU
		{85785F06-62EB-48AC-B8FD-1DEA4BA163E7}.Release|Any CPU.ActiveCfg = Release|Any CPU
		{85785F06-62EB-48AC-B8FD-1DEA4BA163E7}.Release|Any CPU.Build.0 = Release|Any CPU
		{E748C30C-C6A4-4411-BB22-C11C2424D70F}.Debug|Any CPU.ActiveCfg = Debug|Any CPU
		{E748C30C-C6A4-4411-BB22-C11C2424D70F}.Debug|Any CPU.Build.0 = Debug|Any CPU
		{E748C30C-C6A4-4411-BB22-C11C2424D70F}.Release|Any CPU.ActiveCfg = Release|Any CPU
		{E748C30C-C6A4-4411-BB22-C11C2424D70F}.Release|Any CPU.Build.0 = Release|Any CPU
		{6082B747-4402-4083-815F-FAE4B412AA6F}.Debug|Any CPU.ActiveCfg = Debug|Any CPU
		{6082B747-4402-4083-815F-FAE4B412AA6F}.Debug|Any CPU.Build.0 = Debug|Any CPU
		{6082B747-4402-4083-815F-FAE4B412AA6F}.Release|Any CPU.ActiveCfg = Release|Any CPU
		{6082B747-4402-4083-815F-FAE4B412AA6F}.Release|Any CPU.Build.0 = Release|Any CPU
		{94951273-D388-403B-ADBF-2375B1674E0C}.Debug|Any CPU.ActiveCfg = Debug|Any CPU
		{94951273-D388-403B-ADBF-2375B1674E0C}.Debug|Any CPU.Build.0 = Debug|Any CPU
		{94951273-D388-403B-ADBF-2375B1674E0C}.Release|Any CPU.ActiveCfg = Release|Any CPU
		{94951273-D388-403B-ADBF-2375B1674E0C}.Release|Any CPU.Build.0 = Release|Any CPU
		{4912E72E-4278-47BB-88BE-13D55C15B77C}.Debug|Any CPU.ActiveCfg = Debug|Any CPU
		{4912E72E-4278-47BB-88BE-13D55C15B77C}.Debug|Any CPU.Build.0 = Debug|Any CPU
		{4912E72E-4278-47BB-88BE-13D55C15B77C}.Release|Any CPU.ActiveCfg = Release|Any CPU
		{4912E72E-4278-47BB-88BE-13D55C15B77C}.Release|Any CPU.Build.0 = Release|Any CPU
		{E481D37C-4B9E-484A-BE80-6A3CC9C8846C}.Debug|Any CPU.ActiveCfg = Debug|Any CPU
		{E481D37C-4B9E-484A-BE80-6A3CC9C8846C}.Debug|Any CPU.Build.0 = Debug|Any CPU
		{E481D37C-4B9E-484A-BE80-6A3CC9C8846C}.Release|Any CPU.ActiveCfg = Release|Any CPU
		{E481D37C-4B9E-484A-BE80-6A3CC9C8846C}.Release|Any CPU.Build.0 = Release|Any CPU
		{806E493D-9BFB-4FEF-BE0F-FD79F7BC8189}.Debug|Any CPU.ActiveCfg = Debug|Any CPU
		{806E493D-9BFB-4FEF-BE0F-FD79F7BC8189}.Debug|Any CPU.Build.0 = Debug|Any CPU
		{806E493D-9BFB-4FEF-BE0F-FD79F7BC8189}.Release|Any CPU.ActiveCfg = Release|Any CPU
		{806E493D-9BFB-4FEF-BE0F-FD79F7BC8189}.Release|Any CPU.Build.0 = Release|Any CPU
		{FB567D74-C24B-4359-9F0B-B5B797863351}.Debug|Any CPU.ActiveCfg = Debug|Any CPU
		{FB567D74-C24B-4359-9F0B-B5B797863351}.Debug|Any CPU.Build.0 = Debug|Any CPU
		{FB567D74-C24B-4359-9F0B-B5B797863351}.Release|Any CPU.ActiveCfg = Release|Any CPU
		{FB567D74-C24B-4359-9F0B-B5B797863351}.Release|Any CPU.Build.0 = Release|Any CPU
		{AE2AC091-76D8-43A5-A751-F2EEE51FC66A}.Debug|Any CPU.ActiveCfg = Debug|Any CPU
		{AE2AC091-76D8-43A5-A751-F2EEE51FC66A}.Debug|Any CPU.Build.0 = Debug|Any CPU
		{AE2AC091-76D8-43A5-A751-F2EEE51FC66A}.Release|Any CPU.ActiveCfg = Release|Any CPU
		{AE2AC091-76D8-43A5-A751-F2EEE51FC66A}.Release|Any CPU.Build.0 = Release|Any CPU
		{73FCA434-1709-478D-965D-4C4F667EF71C}.Debug|Any CPU.ActiveCfg = Debug|Any CPU
		{73FCA434-1709-478D-965D-4C4F667EF71C}.Debug|Any CPU.Build.0 = Debug|Any CPU
		{73FCA434-1709-478D-965D-4C4F667EF71C}.Release|Any CPU.ActiveCfg = Release|Any CPU
		{73FCA434-1709-478D-965D-4C4F667EF71C}.Release|Any CPU.Build.0 = Release|Any CPU
		{123E317E-0B90-47E7-85B8-33E4D2B35434}.Debug|Any CPU.ActiveCfg = Debug|Any CPU
		{123E317E-0B90-47E7-85B8-33E4D2B35434}.Debug|Any CPU.Build.0 = Debug|Any CPU
		{123E317E-0B90-47E7-85B8-33E4D2B35434}.Release|Any CPU.ActiveCfg = Release|Any CPU
		{123E317E-0B90-47E7-85B8-33E4D2B35434}.Release|Any CPU.Build.0 = Release|Any CPU
		{F07BAADA-EA6A-4358-8C88-DE36F96F677C}.Debug|Any CPU.ActiveCfg = Debug|Any CPU
		{F07BAADA-EA6A-4358-8C88-DE36F96F677C}.Debug|Any CPU.Build.0 = Debug|Any CPU
		{F07BAADA-EA6A-4358-8C88-DE36F96F677C}.Release|Any CPU.ActiveCfg = Release|Any CPU
		{F07BAADA-EA6A-4358-8C88-DE36F96F677C}.Release|Any CPU.Build.0 = Release|Any CPU
		{78C69283-E30F-4109-BCF9-200E9EBC5336}.Debug|Any CPU.ActiveCfg = Debug|Any CPU
		{78C69283-E30F-4109-BCF9-200E9EBC5336}.Debug|Any CPU.Build.0 = Debug|Any CPU
		{78C69283-E30F-4109-BCF9-200E9EBC5336}.Release|Any CPU.ActiveCfg = Release|Any CPU
		{78C69283-E30F-4109-BCF9-200E9EBC5336}.Release|Any CPU.Build.0 = Release|Any CPU
		{7ED63D42-776D-431B-B4D6-FE085650E527}.Debug|Any CPU.ActiveCfg = Debug|Any CPU
		{7ED63D42-776D-431B-B4D6-FE085650E527}.Debug|Any CPU.Build.0 = Debug|Any CPU
		{7ED63D42-776D-431B-B4D6-FE085650E527}.Release|Any CPU.ActiveCfg = Release|Any CPU
		{7ED63D42-776D-431B-B4D6-FE085650E527}.Release|Any CPU.Build.0 = Release|Any CPU
		{A8633007-BD7F-4574-86FD-41FA08EA6E72}.Debug|Any CPU.ActiveCfg = Debug|Any CPU
		{A8633007-BD7F-4574-86FD-41FA08EA6E72}.Debug|Any CPU.Build.0 = Debug|Any CPU
		{A8633007-BD7F-4574-86FD-41FA08EA6E72}.Release|Any CPU.ActiveCfg = Release|Any CPU
		{A8633007-BD7F-4574-86FD-41FA08EA6E72}.Release|Any CPU.Build.0 = Release|Any CPU
		{6EA9E0AF-A0AB-4471-AB91-0A67ADCFE166}.Debug|Any CPU.ActiveCfg = Debug|Any CPU
		{6EA9E0AF-A0AB-4471-AB91-0A67ADCFE166}.Debug|Any CPU.Build.0 = Debug|Any CPU
		{6EA9E0AF-A0AB-4471-AB91-0A67ADCFE166}.Release|Any CPU.ActiveCfg = Release|Any CPU
		{6EA9E0AF-A0AB-4471-AB91-0A67ADCFE166}.Release|Any CPU.Build.0 = Release|Any CPU
		{075848FC-AF36-4F3A-93FB-D63ADBDF8339}.Debug|Any CPU.ActiveCfg = Debug|Any CPU
		{075848FC-AF36-4F3A-93FB-D63ADBDF8339}.Debug|Any CPU.Build.0 = Debug|Any CPU
		{075848FC-AF36-4F3A-93FB-D63ADBDF8339}.Release|Any CPU.ActiveCfg = Release|Any CPU
		{075848FC-AF36-4F3A-93FB-D63ADBDF8339}.Release|Any CPU.Build.0 = Release|Any CPU
		{1AA5F1B6-95E7-4745-8AAC-1D9450ADBEB9}.Debug|Any CPU.ActiveCfg = Debug|Any CPU
		{1AA5F1B6-95E7-4745-8AAC-1D9450ADBEB9}.Debug|Any CPU.Build.0 = Debug|Any CPU
		{1AA5F1B6-95E7-4745-8AAC-1D9450ADBEB9}.Release|Any CPU.ActiveCfg = Release|Any CPU
		{1AA5F1B6-95E7-4745-8AAC-1D9450ADBEB9}.Release|Any CPU.Build.0 = Release|Any CPU
		{506E75FB-0975-47AA-86B3-4EBD739FDCF7}.Debug|Any CPU.ActiveCfg = Debug|Any CPU
		{506E75FB-0975-47AA-86B3-4EBD739FDCF7}.Debug|Any CPU.Build.0 = Debug|Any CPU
		{506E75FB-0975-47AA-86B3-4EBD739FDCF7}.Release|Any CPU.ActiveCfg = Release|Any CPU
		{506E75FB-0975-47AA-86B3-4EBD739FDCF7}.Release|Any CPU.Build.0 = Release|Any CPU
		{523F63A8-A84C-43C8-B27F-E7C262766668}.Debug|Any CPU.ActiveCfg = Debug|Any CPU
		{523F63A8-A84C-43C8-B27F-E7C262766668}.Debug|Any CPU.Build.0 = Debug|Any CPU
		{523F63A8-A84C-43C8-B27F-E7C262766668}.Release|Any CPU.ActiveCfg = Release|Any CPU
		{523F63A8-A84C-43C8-B27F-E7C262766668}.Release|Any CPU.Build.0 = Release|Any CPU
		{21C0BB5A-EF06-4CE8-B6C5-4EC2CCEDB667}.Debug|Any CPU.ActiveCfg = Debug|Any CPU
		{21C0BB5A-EF06-4CE8-B6C5-4EC2CCEDB667}.Debug|Any CPU.Build.0 = Debug|Any CPU
		{21C0BB5A-EF06-4CE8-B6C5-4EC2CCEDB667}.Release|Any CPU.ActiveCfg = Release|Any CPU
		{21C0BB5A-EF06-4CE8-B6C5-4EC2CCEDB667}.Release|Any CPU.Build.0 = Release|Any CPU
		{84DF879E-2808-4D92-B106-51DBA1CED2CF}.Debug|Any CPU.ActiveCfg = Debug|Any CPU
		{84DF879E-2808-4D92-B106-51DBA1CED2CF}.Debug|Any CPU.Build.0 = Debug|Any CPU
		{84DF879E-2808-4D92-B106-51DBA1CED2CF}.Release|Any CPU.ActiveCfg = Release|Any CPU
		{84DF879E-2808-4D92-B106-51DBA1CED2CF}.Release|Any CPU.Build.0 = Release|Any CPU
		{5B126F88-5EA3-4D46-8084-A1152E1DB178}.Debug|Any CPU.ActiveCfg = Debug|Any CPU
		{5B126F88-5EA3-4D46-8084-A1152E1DB178}.Debug|Any CPU.Build.0 = Debug|Any CPU
		{5B126F88-5EA3-4D46-8084-A1152E1DB178}.Release|Any CPU.ActiveCfg = Release|Any CPU
		{5B126F88-5EA3-4D46-8084-A1152E1DB178}.Release|Any CPU.Build.0 = Release|Any CPU
		{B3EF6D58-D7D9-4B92-A55B-0C6738A0FACA}.Debug|Any CPU.ActiveCfg = Debug|Any CPU
		{B3EF6D58-D7D9-4B92-A55B-0C6738A0FACA}.Debug|Any CPU.Build.0 = Debug|Any CPU
		{B3EF6D58-D7D9-4B92-A55B-0C6738A0FACA}.Release|Any CPU.ActiveCfg = Release|Any CPU
		{B3EF6D58-D7D9-4B92-A55B-0C6738A0FACA}.Release|Any CPU.Build.0 = Release|Any CPU
		{09429E86-D02B-4EC8-B611-4EDB7566F3C5}.Debug|Any CPU.ActiveCfg = Debug|Any CPU
		{09429E86-D02B-4EC8-B611-4EDB7566F3C5}.Debug|Any CPU.Build.0 = Debug|Any CPU
		{09429E86-D02B-4EC8-B611-4EDB7566F3C5}.Release|Any CPU.ActiveCfg = Release|Any CPU
		{09429E86-D02B-4EC8-B611-4EDB7566F3C5}.Release|Any CPU.Build.0 = Release|Any CPU
		{FB4C0612-65DD-4B2A-A4FE-0A1B56A86A8C}.Debug|Any CPU.ActiveCfg = Debug|Any CPU
		{FB4C0612-65DD-4B2A-A4FE-0A1B56A86A8C}.Debug|Any CPU.Build.0 = Debug|Any CPU
		{FB4C0612-65DD-4B2A-A4FE-0A1B56A86A8C}.Release|Any CPU.ActiveCfg = Release|Any CPU
		{FB4C0612-65DD-4B2A-A4FE-0A1B56A86A8C}.Release|Any CPU.Build.0 = Release|Any CPU
		{FCD87947-5878-4A29-B7DD-8757FFEA5F95}.Debug|Any CPU.ActiveCfg = Debug|Any CPU
		{FCD87947-5878-4A29-B7DD-8757FFEA5F95}.Debug|Any CPU.Build.0 = Debug|Any CPU
		{FCD87947-5878-4A29-B7DD-8757FFEA5F95}.Release|Any CPU.ActiveCfg = Release|Any CPU
		{FCD87947-5878-4A29-B7DD-8757FFEA5F95}.Release|Any CPU.Build.0 = Release|Any CPU
		{21DA5A39-963D-47F2-A852-B8FC461A8830}.Debug|Any CPU.ActiveCfg = Debug|Any CPU
		{21DA5A39-963D-47F2-A852-B8FC461A8830}.Debug|Any CPU.Build.0 = Debug|Any CPU
		{21DA5A39-963D-47F2-A852-B8FC461A8830}.Release|Any CPU.ActiveCfg = Release|Any CPU
		{21DA5A39-963D-47F2-A852-B8FC461A8830}.Release|Any CPU.Build.0 = Release|Any CPU
		{85ADA0B3-499F-45AB-81FD-2DC77A99BCBD}.Debug|Any CPU.ActiveCfg = Debug|Any CPU
		{85ADA0B3-499F-45AB-81FD-2DC77A99BCBD}.Debug|Any CPU.Build.0 = Debug|Any CPU
		{85ADA0B3-499F-45AB-81FD-2DC77A99BCBD}.Release|Any CPU.ActiveCfg = Release|Any CPU
		{85ADA0B3-499F-45AB-81FD-2DC77A99BCBD}.Release|Any CPU.Build.0 = Release|Any CPU
		{3C745709-52B2-4C1A-B61B-E583DDEB136A}.Debug|Any CPU.ActiveCfg = Debug|Any CPU
		{3C745709-52B2-4C1A-B61B-E583DDEB136A}.Debug|Any CPU.Build.0 = Debug|Any CPU
		{3C745709-52B2-4C1A-B61B-E583DDEB136A}.Release|Any CPU.ActiveCfg = Release|Any CPU
		{3C745709-52B2-4C1A-B61B-E583DDEB136A}.Release|Any CPU.Build.0 = Release|Any CPU
		{929B6BB3-82CE-44EB-95C7-025EED315348}.Debug|Any CPU.ActiveCfg = Debug|Any CPU
		{929B6BB3-82CE-44EB-95C7-025EED315348}.Debug|Any CPU.Build.0 = Debug|Any CPU
		{929B6BB3-82CE-44EB-95C7-025EED315348}.Release|Any CPU.ActiveCfg = Release|Any CPU
		{929B6BB3-82CE-44EB-95C7-025EED315348}.Release|Any CPU.Build.0 = Release|Any CPU
		{18DCE838-6D8B-4AFD-A71D-1585BC5CED90}.Debug|Any CPU.ActiveCfg = Debug|Any CPU
		{18DCE838-6D8B-4AFD-A71D-1585BC5CED90}.Debug|Any CPU.Build.0 = Debug|Any CPU
		{18DCE838-6D8B-4AFD-A71D-1585BC5CED90}.Release|Any CPU.ActiveCfg = Release|Any CPU
		{18DCE838-6D8B-4AFD-A71D-1585BC5CED90}.Release|Any CPU.Build.0 = Release|Any CPU
		{E6A68C15-FA66-4874-9BC2-9F9730192953}.Debug|Any CPU.ActiveCfg = Debug|Any CPU
		{E6A68C15-FA66-4874-9BC2-9F9730192953}.Debug|Any CPU.Build.0 = Debug|Any CPU
		{E6A68C15-FA66-4874-9BC2-9F9730192953}.Release|Any CPU.ActiveCfg = Release|Any CPU
		{E6A68C15-FA66-4874-9BC2-9F9730192953}.Release|Any CPU.Build.0 = Release|Any CPU
		{572177AA-3DB3-4F69-B316-2B99378E33DD}.Debug|Any CPU.ActiveCfg = Debug|Any CPU
		{572177AA-3DB3-4F69-B316-2B99378E33DD}.Debug|Any CPU.Build.0 = Debug|Any CPU
		{572177AA-3DB3-4F69-B316-2B99378E33DD}.Release|Any CPU.ActiveCfg = Release|Any CPU
		{572177AA-3DB3-4F69-B316-2B99378E33DD}.Release|Any CPU.Build.0 = Release|Any CPU
		{BB1D0B70-74C6-4CA0-A600-B69BBBB0E8E2}.Debug|Any CPU.ActiveCfg = Debug|Any CPU
		{BB1D0B70-74C6-4CA0-A600-B69BBBB0E8E2}.Debug|Any CPU.Build.0 = Debug|Any CPU
		{BB1D0B70-74C6-4CA0-A600-B69BBBB0E8E2}.Release|Any CPU.ActiveCfg = Release|Any CPU
		{BB1D0B70-74C6-4CA0-A600-B69BBBB0E8E2}.Release|Any CPU.Build.0 = Release|Any CPU
	EndGlobalSection
	GlobalSection(SolutionProperties) = preSolution
		HideSolutionNode = FALSE
	EndGlobalSection
	GlobalSection(NestedProjects) = preSolution
		{A83EB0C3-7254-49E8-A029-BA784242E9D6} = {EE002384-C5C2-46DB-99F5-05FFC1177698}
		{1D04BE18-4A98-461D-9EF6-18E4AE26E979} = {EE002384-C5C2-46DB-99F5-05FFC1177698}
		{7AD49DB7-8861-4F78-97E5-6809E155F40C} = {EE002384-C5C2-46DB-99F5-05FFC1177698}
		{2CD68256-D664-424D-8216-CE5DAA8D40F6} = {337714A2-D4B4-4848-BF7A-2AB3287E7847}
		{85785F06-62EB-48AC-B8FD-1DEA4BA163E7} = {337714A2-D4B4-4848-BF7A-2AB3287E7847}
		{E748C30C-C6A4-4411-BB22-C11C2424D70F} = {3FBC8D20-5DF0-43F7-8A64-2D408088EC31}
		{6082B747-4402-4083-815F-FAE4B412AA6F} = {3FBC8D20-5DF0-43F7-8A64-2D408088EC31}
		{94951273-D388-403B-ADBF-2375B1674E0C} = {3FBC8D20-5DF0-43F7-8A64-2D408088EC31}
		{4912E72E-4278-47BB-88BE-13D55C15B77C} = {5CC24A66-3295-414D-948B-7A1C60478970}
		{E481D37C-4B9E-484A-BE80-6A3CC9C8846C} = {5CC24A66-3295-414D-948B-7A1C60478970}
		{806E493D-9BFB-4FEF-BE0F-FD79F7BC8189} = {5CC24A66-3295-414D-948B-7A1C60478970}
		{FB567D74-C24B-4359-9F0B-B5B797863351} = {5CC24A66-3295-414D-948B-7A1C60478970}
		{AE2AC091-76D8-43A5-A751-F2EEE51FC66A} = {5CC24A66-3295-414D-948B-7A1C60478970}
		{73FCA434-1709-478D-965D-4C4F667EF71C} = {5CC24A66-3295-414D-948B-7A1C60478970}
		{123E317E-0B90-47E7-85B8-33E4D2B35434} = {BEA172FC-2EF0-4CF6-81A4-4B604925B443}
		{F07BAADA-EA6A-4358-8C88-DE36F96F677C} = {BEA172FC-2EF0-4CF6-81A4-4B604925B443}
		{78C69283-E30F-4109-BCF9-200E9EBC5336} = {BEA172FC-2EF0-4CF6-81A4-4B604925B443}
		{7ED63D42-776D-431B-B4D6-FE085650E527} = {BEA172FC-2EF0-4CF6-81A4-4B604925B443}
		{A8633007-BD7F-4574-86FD-41FA08EA6E72} = {BEA172FC-2EF0-4CF6-81A4-4B604925B443}
		{6EA9E0AF-A0AB-4471-AB91-0A67ADCFE166} = {BEA172FC-2EF0-4CF6-81A4-4B604925B443}
		{075848FC-AF36-4F3A-93FB-D63ADBDF8339} = {9478A790-0D76-40FD-87F0-D5DE9C5DDEEC}
		{1AA5F1B6-95E7-4745-8AAC-1D9450ADBEB9} = {9478A790-0D76-40FD-87F0-D5DE9C5DDEEC}
		{506E75FB-0975-47AA-86B3-4EBD739FDCF7} = {22E0E236-9FD9-44F8-A445-56814C267D9A}
		{523F63A8-A84C-43C8-B27F-E7C262766668} = {22E0E236-9FD9-44F8-A445-56814C267D9A}
		{21C0BB5A-EF06-4CE8-B6C5-4EC2CCEDB667} = {22E0E236-9FD9-44F8-A445-56814C267D9A}
		{84DF879E-2808-4D92-B106-51DBA1CED2CF} = {22E0E236-9FD9-44F8-A445-56814C267D9A}
		{5B126F88-5EA3-4D46-8084-A1152E1DB178} = {F6766AFD-0D3E-48F0-BCF8-DE29CB1CFD76}
		{B3EF6D58-D7D9-4B92-A55B-0C6738A0FACA} = {F6766AFD-0D3E-48F0-BCF8-DE29CB1CFD76}
		{09429E86-D02B-4EC8-B611-4EDB7566F3C5} = {F6766AFD-0D3E-48F0-BCF8-DE29CB1CFD76}
		{FB4C0612-65DD-4B2A-A4FE-0A1B56A86A8C} = {F6766AFD-0D3E-48F0-BCF8-DE29CB1CFD76}
		{FCD87947-5878-4A29-B7DD-8757FFEA5F95} = {F6766AFD-0D3E-48F0-BCF8-DE29CB1CFD76}
		{21DA5A39-963D-47F2-A852-B8FC461A8830} = {F6766AFD-0D3E-48F0-BCF8-DE29CB1CFD76}
		{85ADA0B3-499F-45AB-81FD-2DC77A99BCBD} = {F6766AFD-0D3E-48F0-BCF8-DE29CB1CFD76}
		{3C745709-52B2-4C1A-B61B-E583DDEB136A} = {433CC984-CDAC-45B5-8707-77B5F778BCA0}
		{929B6BB3-82CE-44EB-95C7-025EED315348} = {3FBC8D20-5DF0-43F7-8A64-2D408088EC31}
		{18DCE838-6D8B-4AFD-A71D-1585BC5CED90} = {3FBC8D20-5DF0-43F7-8A64-2D408088EC31}
		{E6A68C15-FA66-4874-9BC2-9F9730192953} = {5CC24A66-3295-414D-948B-7A1C60478970}
		{572177AA-3DB3-4F69-B316-2B99378E33DD} = {5CC24A66-3295-414D-948B-7A1C60478970}
		{BB1D0B70-74C6-4CA0-A600-B69BBBB0E8E2} = {5CC24A66-3295-414D-948B-7A1C60478970}
	EndGlobalSection
	GlobalSection(ExtensibilityGlobals) = postSolution
		SolutionGuid = {923E19FE-B16D-49EF-BE36-370D9322B48B}
	EndGlobalSection
EndGlobal
